Microsoft Visual Studio Solution File, Format Version 12.00
# Visual Studio Version 17
VisualStudioVersion = 17.5.2.0
MinimumVisualStudioVersion = 10.0.40219.1
Project("{FAE04EC0-301F-11D3-BF4B-00C04F79EFBC}") = "Day2Variables", "Day2Variables.csproj", "{97E8B2E2-6F2E-A16A-5839-F3CEB72B432B}"
EndProject
Global
	GlobalSection(SolutionConfigurationPlatforms) = preSolution
		Debug|Any CPU = Debug|Any CPU
		Release|Any CPU = Release|Any CPU
	EndGlobalSection
	GlobalSection(ProjectConfigurationPlatforms) = postSolution
		{97E8B2E2-6F2E-A16A-5839-F3CEB72B432B}.Debug|Any CPU.ActiveCfg = Debug|Any CPU
		{97E8B2E2-6F2E-A16A-5839-F3CEB72B432B}.Debug|Any CPU.Build.0 = Debug|Any CPU
		{97E8B2E2-6F2E-A16A-5839-F3CEB72B432B}.Release|Any CPU.ActiveCfg = Release|Any CPU
		{97E8B2E2-6F2E-A16A-5839-F3CEB72B432B}.Release|Any CPU.Build.0 = Release|Any CPU
	EndGlobalSection
	GlobalSection(SolutionProperties) = preSolution
		HideSolutionNode = FALSE
	EndGlobalSection
	GlobalSection(ExtensibilityGlobals) = postSolution
		SolutionGuid = {C9916878-33BD-4FD6-8412-9F9B90203237}
	EndGlobalSection
EndGlobal
